[[package]]
name = "atomicwrites"
version = "1.4.1"
description = "Atomic file writes."
category = "dev"
optional = false
python-versions = ">=2.7, !=3.0.*, !=3.1.*, !=3.2.*, !=3.3.*"

[[package]]
name = "attrs"
version = "22.1.0"
description = "Classes Without Boilerplate"
category = "dev"
optional = false
python-versions = ">=3.5"

[package.extras]
dev = ["cloudpickle", "coverage[toml] (>=5.0.2)", "furo", "hypothesis", "mypy (>=0.900,!=0.940)", "pre-commit", "pympler", "pytest (>=4.3.0)", "pytest-mypy-plugins", "sphinx", "sphinx-notfound-page", "zope.interface"]
docs = ["furo", "sphinx", "sphinx-notfound-page", "zope.interface"]
tests = ["cloudpickle", "coverage[toml] (>=5.0.2)", "hypothesis", "mypy (>=0.900,!=0.940)", "pympler", "pytest (>=4.3.0)", "pytest-mypy-plugins", "zope.interface"]
tests_no_zope = ["cloudpickle", "coverage[toml] (>=5.0.2)", "hypothesis", "mypy (>=0.900,!=0.940)", "pympler", "pytest (>=4.3.0)", "pytest-mypy-plugins"]

[[package]]
name = "colorama"
version = "0.4.5"
description = "Cross-platform colored terminal text."
category = "dev"
optional = false
python-versions = ">=2.7, !=3.0.*, !=3.1.*, !=3.2.*, !=3.3.*, !=3.4.*"

[[package]]
name = "dataclasses"
version = "0.6"
description = "A backport of the dataclasses module for Python 3.6"
category = "main"
optional = false
python-versions = "*"

[[package]]
name = "importlib-metadata"
version = "4.12.0"
description = "Read metadata from Python packages"
category = "dev"
optional = false
python-versions = ">=3.7"

[package.dependencies]
typing-extensions = {version = ">=3.6.4", markers = "python_version < \"3.8\""}
zipp = ">=0.5"

[package.extras]
docs = ["jaraco.packaging (>=9)", "rst.linker (>=1.9)", "sphinx"]
perf = ["ipython"]
testing = ["flufl.flake8", "importlib-resources (>=1.3)", "packaging", "pyfakefs", "pytest (>=6)", "pytest-black (>=0.3.7)", "pytest-checkdocs (>=2.4)", "pytest-cov", "pytest-enabler (>=1.3)", "pytest-flake8", "pytest-mypy (>=0.9.1)", "pytest-perf (>=0.9.2)"]

[[package]]
name = "iniconfig"
version = "1.1.1"
description = "iniconfig: brain-dead simple config-ini parsing"
category = "dev"
optional = false
python-versions = "*"

[[package]]
name = "packaging"
version = "21.3"
description = "Core utilities for Python packages"
category = "dev"
optional = false
python-versions = ">=3.6"

[package.dependencies]
pyparsing = ">=2.0.2,<3.0.5 || >3.0.5"

[[package]]
name = "pluggy"
version = "1.0.0"
description = "plugin and hook calling mechanisms for python"
category = "dev"
optional = false
python-versions = ">=3.6"

[package.dependencies]
importlib-metadata = {version = ">=0.12", markers = "python_version < \"3.8\""}

[package.extras]
dev = ["pre-commit", "tox"]
testing = ["pytest", "pytest-benchmark"]

[[package]]
name = "py"
version = "1.11.0"
description = "library with cross-python path, ini-parsing, io, code, log facilities"
category = "dev"
optional = false
python-versions = ">=2.7, !=3.0.*, !=3.1.*, !=3.2.*, !=3.3.*, !=3.4.*"

[[package]]
name = "pyparsing"
version = "3.0.9"
description = "pyparsing module - Classes and methods to define and execute parsing grammars"
category = "dev"
optional = false
python-versions = ">=3.6.8"

[package.extras]
diagrams = ["jinja2", "railroad-diagrams"]

[[package]]
name = "pytest"
version = "6.2.5"
description = "pytest: simple powerful testing with Python"
category = "dev"
optional = false
python-versions = ">=3.6"

[package.dependencies]
atomicwrites = {version = ">=1.0", markers = "sys_platform == \"win32\""}
attrs = ">=19.2.0"
colorama = {version = "*", markers = "sys_platform == \"win32\""}
importlib-metadata = {version = ">=0.12", markers = "python_version < \"3.8\""}
iniconfig = "*"
packaging = "*"
pluggy = ">=0.12,<2.0"
py = ">=1.8.2"
toml = "*"

[package.extras]
testing = ["argcomplete", "hypothesis (>=3.56)", "mock", "nose", "requests", "xmlschema"]

[[package]]
name = "python-dateutil"
version = "2.8.2"
description = "Extensions to the standard Python datetime module"
category = "main"
optional = false
python-versions = "!=3.0.*,!=3.1.*,!=3.2.*,>=2.7"

[package.dependencies]
six = ">=1.5"

[[package]]
name = "six"
version = "1.16.0"
description = "Python 2 and 3 compatibility utilities"
category = "main"
optional = false
python-versions = ">=2.7, !=3.0.*, !=3.1.*, !=3.2.*"

[[package]]
name = "toml"
version = "0.10.2"
description = "Python Library for Tom's Obvious, Minimal Language"
category = "dev"
optional = false
python-versions = ">=2.6, !=3.0.*, !=3.1.*, !=3.2.*"

[[package]]
name = "typing-extensions"
version = "4.3.0"
description = "Backported and Experimental Type Hints for Python 3.7+"
category = "main"
optional = false
python-versions = ">=3.7"

[[package]]
name = "websockets"
version = "10.3"
description = "An implementation of the WebSocket Protocol (RFC 6455 & 7692)"
category = "main"
optional = false
python-versions = ">=3.7"

[[package]]
name = "zipp"
version = "3.8.1"
description = "Backport of pathlib-compatible object wrapper for zip files"
category = "dev"
optional = false
python-versions = ">=3.7"

[package.extras]
docs = ["jaraco.packaging (>=9)", "jaraco.tidelift (>=1.4)", "rst.linker (>=1.9)", "sphinx"]
testing = ["func-timeout", "jaraco.itertools", "pytest (>=6)", "pytest-black (>=0.3.7)", "pytest-checkdocs (>=2.4)", "pytest-cov", "pytest-enabler (>=1.3)", "pytest-flake8", "pytest-mypy (>=0.9.1)"]

[metadata]
lock-version = "1.1"
python-versions = "^3.7"
content-hash = "e638b15876465c6e43f972e2cc1fa4e12d749f85bd5ad5550344060a3528e899"

[metadata.files]
atomicwrites = [
    {file = "atomicwrites-1.4.1.tar.gz", hash = "sha256:81b2c9071a49367a7f770170e5eec8cb66567cfbbc8c73d20ce5ca4a8d71cf11"},
]
attrs = [
    {file = "attrs-22.1.0-py2.py3-none-any.whl", hash = "sha256:86efa402f67bf2df34f51a335487cf46b1ec130d02b8d39fd248abfd30da551c"},
    {file = "attrs-22.1.0.tar.gz", hash = "sha256:29adc2665447e5191d0e7c568fde78b21f9672d344281d0c6e1ab085429b22b6"},
]
colorama = [
    {file = "colorama-0.4.5-py2.py3-none-any.whl", hash = "sha256:854bf444933e37f5824ae7bfc1e98d5bce2ebe4160d46b5edf346a89358e99da"},
    {file = "colorama-0.4.5.tar.gz", hash = "sha256:e6c6b4334fc50988a639d9b98aa429a0b57da6e17b9a44f0451f930b6967b7a4"},
]
dataclasses = [
    {file = "dataclasses-0.6-py3-none-any.whl", hash = "sha256:454a69d788c7fda44efd71e259be79577822f5e3f53f029a22d08004e951dc9f"},
    {file = "dataclasses-0.6.tar.gz", hash = "sha256:6988bd2b895eef432d562370bb707d540f32f7360ab13da45340101bc2307d84"},
]
importlib-metadata = [
    {file = "importlib_metadata-4.12.0-py3-none-any.whl", hash = "sha256:7401a975809ea1fdc658c3aa4f78cc2195a0e019c5cbc4c06122884e9ae80c23"},
    {file = "importlib_metadata-4.12.0.tar.gz", hash = "sha256:637245b8bab2b6502fcbc752cc4b7a6f6243bb02b31c5c26156ad103d3d45670"},
]
iniconfig = [
    {file = "iniconfig-1.1.1-py2.py3-none-any.whl", hash = "sha256:011e24c64b7f47f6ebd835bb12a743f2fbe9a26d4cecaa7f53bc4f35ee9da8b3"},
    {file = "iniconfig-1.1.1.tar.gz", hash = "sha256:bc3af051d7d14b2ee5ef9969666def0cd1a000e121eaea580d4a313df4b37f32"},
]
packaging = [
    {file = "packaging-21.3-py3-none-any.whl", hash = "sha256:ef103e05f519cdc783ae24ea4e2e0f508a9c99b2d4969652eed6a2e1ea5bd522"},
    {file = "packaging-21.3.tar.gz", hash = "sha256:dd47c42927d89ab911e606518907cc2d3a1f38bbd026385970643f9c5b8ecfeb"},
]
pluggy = [
    {file = "pluggy-1.0.0-py2.py3-none-any.whl", hash = "sha256:74134bbf457f031a36d68416e1509f34bd5ccc019f0bcc952c7b909d06b37bd3"},
    {file = "pluggy-1.0.0.tar.gz", hash = "sha256:4224373bacce55f955a878bf9cfa763c1e360858e330072059e10bad68531159"},
]
py = [
    {file = "py-1.11.0-py2.py3-none-any.whl", hash = "sha256:607c53218732647dff4acdfcd50cb62615cedf612e72d1724fb1a0cc6405b378"},
    {file = "py-1.11.0.tar.gz", hash = "sha256:51c75c4126074b472f746a24399ad32f6053d1b34b68d2fa41e558e6f4a98719"},
]
pyparsing = [
    {file = "pyparsing-3.0.9-py3-none-any.whl", hash = "sha256:5026bae9a10eeaefb61dab2f09052b9f4307d44aee4eda64b309723d8d206bbc"},
    {file = "pyparsing-3.0.9.tar.gz", hash = "sha256:2b020ecf7d21b687f219b71ecad3631f644a47f01403fa1d1036b0c6416d70fb"},
]
pytest = [
    {file = "pytest-6.2.5-py3-none-any.whl", hash = "sha256:7310f8d27bc79ced999e760ca304d69f6ba6c6649c0b60fb0e04a4a77cacc134"},
    {file = "pytest-6.2.5.tar.gz", hash = "sha256:131b36680866a76e6781d13f101efb86cf674ebb9762eb70d3082b6f29889e89"},
]
python-dateutil = [
    {file = "python-dateutil-2.8.2.tar.gz", hash = "sha256:0123cacc1627ae19ddf3c27a5de5bd67ee4586fbdd6440d9748f8abb483d3e86"},
    {file = "python_dateutil-2.8.2-py2.py3-none-any.whl", hash = "sha256:961d03dc3453ebbc59dbdea9e4e11c5651520a876d0f4db161e8674aae935da9"},
]
six = [
    {file = "six-1.16.0-py2.py3-none-any.whl", hash = "sha256:8abb2f1d86890a2dfb989f9a77cfcfd3e47c2a354b01111771326f8aa26e0254"},
    {file = "six-1.16.0.tar.gz", hash = "sha256:1e61c37477a1626458e36f7b1d82aa5c9b094fa4802892072e49de9c60c4c926"},
]
toml = [
    {file = "toml-0.10.2-py2.py3-none-any.whl", hash = "sha256:806143ae5bfb6a3c6e736a764057db0e6a0e05e338b5630894a5f779cabb4f9b"},
    {file = "toml-0.10.2.tar.gz", hash = "sha256:b3bda1d108d5dd99f4a20d24d9c348e91c4db7ab1b749200bded2f839ccbe68f"},
]
typing-extensions = [
    {file = "typing_extensions-4.3.0-py3-none-any.whl", hash = "sha256:25642c956049920a5aa49edcdd6ab1e06d7e5d467fc00e0506c44ac86fbfca02"},
    {file = "typing_extensions-4.3.0.tar.gz", hash = "sha256:e6d2677a32f47fc7eb2795db1dd15c1f34eff616bcaf2cfb5e997f854fa1c4a6"},
]
websockets = [
    {file = "websockets-10.3-cp310-cp310-macosx_10_9_universal2.whl", hash = "sha256:661f641b44ed315556a2fa630239adfd77bd1b11cb0b9d96ed8ad90b0b1e4978"},
    {file = "websockets-10.3-cp310-cp310-macosx_10_9_x86_64.whl", hash = "sha256:b529fdfa881b69fe563dbd98acce84f3e5a67df13de415e143ef053ff006d500"},
    {file = "websockets-10.3-cp310-cp310-macosx_11_0_arm64.whl", hash = "sha256:f351c7d7d92f67c0609329ab2735eee0426a03022771b00102816a72715bb00b"},
    {file = "websockets-10.3-cp310-cp310-manylinux_2_17_aarch64.manylinux2014_aarch64.whl", hash = "sha256:379e03422178436af4f3abe0aa8f401aa77ae2487843738542a75faf44a31f0c"},
    {file = "websockets-10.3-cp310-cp310-manylinux_2_5_i686.manylinux1_i686.manylinux_2_12_i686.manylinux2010_i686.whl", hash = "sha256:e904c0381c014b914136c492c8fa711ca4cced4e9b3d110e5e7d436d0fc289e8"},
    {file = "websockets-10.3-cp310-cp310-manylinux_2_5_x86_64.manylinux1_x86_64.manylinux_2_12_x86_64.manylinux2010_x86_64.whl", hash = "sha256:e7e6f2d6fd48422071cc8a6f8542016f350b79cc782752de531577d35e9bd677"},
    {file = "websockets-10.3-cp310-cp310-musllinux_1_1_aarch64.whl", hash = "sha256:b9c77f0d1436ea4b4dc089ed8335fa141e6a251a92f75f675056dac4ab47a71e"},
    {file = "websockets-10.3-cp310-cp310-musllinux_1_1_i686.whl", hash = "sha256:e6fa05a680e35d0fcc1470cb070b10e6fe247af54768f488ed93542e71339d6f"},
    {file = "websockets-10.3-cp310-cp310-musllinux_1_1_x86_64.whl", hash = "sha256:2f94fa3ae454a63ea3a19f73b95deeebc9f02ba2d5617ca16f0bbdae375cda47"},
    {file = "websockets-10.3-cp310-cp310-win32.whl", hash = "sha256:6ed1d6f791eabfd9808afea1e068f5e59418e55721db8b7f3bfc39dc831c42ae"},
    {file = "websockets-10.3-cp310-cp310-win_amd64.whl", hash = "sha256:347974105bbd4ea068106ec65e8e8ebd86f28c19e529d115d89bd8cc5cda3079"},
    {file = "websockets-10.3-cp37-cp37m-macosx_10_9_x86_64.whl", hash = "sha256:fab7c640815812ed5f10fbee7abbf58788d602046b7bb3af9b1ac753a6d5e916"},
    {file = "websockets-10.3-cp37-cp37m-manylinux_2_17_aarch64.manylinux2014_aarch64.whl", hash = "sha256:994cdb1942a7a4c2e10098d9162948c9e7b235df755de91ca33f6e0481366fdb"},
    {file = "websockets-10.3-cp37-cp37m-manylinux_2_5_i686.manylinux1_i686.manylinux_2_12_i686.manylinux2010_i686.whl", hash = "sha256:aad5e300ab32036eb3fdc350ad30877210e2f51bceaca83fb7fef4d2b6c72b79"},
    {file = "websockets-10.3-cp37-cp37m-manylinux_2_5_x86_64.manylinux1_x86_64.manylinux_2_12_x86_64.manylinux2010_x86_64.whl", hash = "sha256:e49ea4c1a9543d2bd8a747ff24411509c29e4bdcde05b5b0895e2120cb1a761d"},
    {file = "websockets-10.3-cp37-cp37m-musllinux_1_1_aarch64.whl", hash = "sha256:6ea6b300a6bdd782e49922d690e11c3669828fe36fc2471408c58b93b5535a98"},
    {file = "websockets-10.3-cp37-cp37m-musllinux_1_1_i686.whl", hash = "sha256:ef5ce841e102278c1c2e98f043db99d6755b1c58bde475516aef3a008ed7f28e"},
    {file = "websockets-10.3-cp37-cp37m-musllinux_1_1_x86_64.whl", hash = "sha256:d1655a6fc7aecd333b079d00fb3c8132d18988e47f19740c69303bf02e9883c6"},
    {file = "websockets-10.3-cp37-cp37m-win32.whl", hash = "sha256:83e5ca0d5b743cde3d29fda74ccab37bdd0911f25bd4cdf09ff8b51b7b4f2fa1"},
    {file = "websockets-10.3-cp37-cp37m-win_amd64.whl", hash = "sha256:da4377904a3379f0c1b75a965fff23b28315bcd516d27f99a803720dfebd94d4"},
    {file = "websockets-10.3-cp38-cp38-macosx_10_9_universal2.whl", hash = "sha256:a1e15b230c3613e8ea82c9fc6941b2093e8eb939dd794c02754d33980ba81e36"},
    {file = "websockets-10.3-cp38-cp38-macosx_10_9_x86_64.whl", hash = "sha256:31564a67c3e4005f27815634343df688b25705cccb22bc1db621c781ddc64c69"},
    {file = "websockets-10.3-cp38-cp38-macosx_11_0_arm64.whl", hash = "sha256:c8d1d14aa0f600b5be363077b621b1b4d1eb3fbf90af83f9281cda668e6ff7fd"},
    {file = "websockets-10.3-cp38-cp38-manylinux_2_17_aarch64.manylinux2014_aarch64.whl", hash = "sha256:8fbd7d77f8aba46d43245e86dd91a8970eac4fb74c473f8e30e9c07581f852b2"},
    {file = "websockets-10.3-cp38-cp38-manylinux_2_5_i686.manylinux1_i686.manylinux_2_12_i686.manylinux2010_i686.whl", hash = "sha256:210aad7fdd381c52e58777560860c7e6110b6174488ef1d4b681c08b68bf7f8c"},
    {file = "websockets-10.3-cp38-cp38-manylinux_2_5_x86_64.manylinux1_x86_64.manylinux_2_12_x86_64.manylinux2010_x86_64.whl", hash = "sha256:6075fd24df23133c1b078e08a9b04a3bc40b31a8def4ee0b9f2c8865acce913e"},
    {file = "websockets-10.3-cp38-cp38-musllinux_1_1_aarch64.whl", hash = "sha256:7f6d96fdb0975044fdd7953b35d003b03f9e2bcf85f2d2cf86285ece53e9f991"},
    {file = "websockets-10.3-cp38-cp38-musllinux_1_1_i686.whl", hash = "sha256:c7250848ce69559756ad0086a37b82c986cd33c2d344ab87fea596c5ac6d9442"},
    {file = "websockets-10.3-cp38-cp38-musllinux_1_1_x86_64.whl", hash = "sha256:28dd20b938a57c3124028680dc1600c197294da5db4292c76a0b48efb3ed7f76"},
    {file = "websockets-10.3-cp38-cp38-win32.whl", hash = "sha256:54c000abeaff6d8771a4e2cef40900919908ea7b6b6a30eae72752607c6db559"},
    {file = "websockets-10.3-cp38-cp38-win_amd64.whl", hash = "sha256:7ab36e17af592eec5747c68ef2722a74c1a4a70f3772bc661079baf4ae30e40d"},
    {file = "websockets-10.3-cp39-cp39-macosx_10_9_universal2.whl", hash = "sha256:a141de3d5a92188234afa61653ed0bbd2dde46ad47b15c3042ffb89548e77094"},
    {file = "websockets-10.3-cp39-cp39-macosx_10_9_x86_64.whl", hash = "sha256:97bc9d41e69a7521a358f9b8e44871f6cdeb42af31815c17aed36372d4eec667"},
    {file = "websockets-10.3-cp39-cp39-macosx_11_0_arm64.whl", hash = "sha256:d6353ba89cfc657a3f5beabb3b69be226adbb5c6c7a66398e17809b0ce3c4731"},
    {file = "websockets-10.3-cp39-cp39-manylinux_2_17_aarch64.manylinux2014_aarch64.whl", hash = "sha256:ec2b0ab7edc8cd4b0eb428b38ed89079bdc20c6bdb5f889d353011038caac2f9"},
    {file = "websockets-10.3-cp39-cp39-manylinux_2_5_i686.manylinux1_i686.manylinux_2_12_i686.manylinux2010_i686.whl", hash = "sha256:85506b3328a9e083cc0a0fb3ba27e33c8db78341b3eb12eb72e8afd166c36680"},
    {file = "websockets-10.3-cp39-cp39-manylinux_2_5_x86_64.manylinux1_x86_64.manylinux_2_12_x86_64.manylinux2010_x86_64.whl", hash = "sha256:8af75085b4bc0b5c40c4a3c0e113fa95e84c60f4ed6786cbb675aeb1ee128247"},
    {file = "websockets-10.3-cp39-cp39-musllinux_1_1_aarch64.whl", hash = "sha256:07cdc0a5b2549bcfbadb585ad8471ebdc7bdf91e32e34ae3889001c1c106a6af"},
    {file = "websockets-10.3-cp39-cp39-musllinux_1_1_i686.whl", hash = "sha256:5b936bf552e4f6357f5727579072ff1e1324717902127ffe60c92d29b67b7be3"},
    {file = "websockets-10.3-cp39-cp39-musllinux_1_1_x86_64.whl", hash = "sha256:e4e08305bfd76ba8edab08dcc6496f40674f44eb9d5e23153efa0a35750337e8"},
    {file = "websockets-10.3-cp39-cp39-win32.whl", hash = "sha256:bb621ec2dbbbe8df78a27dbd9dd7919f9b7d32a73fafcb4d9252fc4637343582"},
    {file = "websockets-10.3-cp39-cp39-win_amd64.whl", hash = "sha256:51695d3b199cd03098ae5b42833006a0f43dc5418d3102972addc593a783bc02"},
    {file = "websockets-10.3-pp37-pypy37_pp73-macosx_10_9_x86_64.whl", hash = "sha256:907e8247480f287aa9bbc9391bd6de23c906d48af54c8c421df84655eef66af7"},
    {file = "websockets-10.3-pp37-pypy37_pp73-manylinux_2_17_aarch64.manylinux2014_aarch64.whl", hash = "sha256:8b1359aba0ff810d5830d5ab8e2c4a02bebf98a60aa0124fb29aa78cfdb8031f"},
    {file = "websockets-10.3-pp37-pypy37_pp73-manylinux_2_5_i686.manylinux1_i686.manylinux_2_12_i686.manylinux2010_i686.whl", hash = "sha256:93d5ea0b5da8d66d868b32c614d2b52d14304444e39e13a59566d4acb8d6e2e4"},
    {file = "websockets-10.3-pp37-pypy37_pp73-manylinux_2_5_x86_64.manylinux1_x86_64.manylinux_2_12_x86_64.manylinux2010_x86_64.whl", hash = "sha256:7934e055fd5cd9dee60f11d16c8d79c4567315824bacb1246d0208a47eca9755"},
    {file = "websockets-10.3-pp37-pypy37_pp73-win_amd64.whl", hash = "sha256:3eda1cb7e9da1b22588cefff09f0951771d6ee9fa8dbe66f5ae04cc5f26b2b55"},
    {file = "websockets-10.3.tar.gz", hash = "sha256:fc06cc8073c8e87072138ba1e431300e2d408f054b27047d047b549455066ff4"},
]
zipp = [
    {file = "zipp-3.8.1-py3-none-any.whl", hash = "sha256:47c40d7fe183a6f21403a199b3e4192cca5774656965b0a4988ad2f8feb5f009"},
    {file = "zipp-3.8.1.tar.gz", hash = "sha256:05b45f1ee8f807d0cc928485ca40a07cb491cf092ff587c0df9cb1fd154848d2"},
]
